
Microsoft Visual Studio Solution File, Format Version 12.00
# Visual Studio Version 17
VisualStudioVersion = 17.4.33213.308
MinimumVisualStudioVersion = 10.0.40219.1
Project("{FAE04EC0-301F-11D3-BF4B-00C04F79EFBC}") = "SampleCS", "SampleCS.csproj", "{59304ECD-6BD6-4A85-9FA4-9A4E1CF9CCA4}"
EndProject
Global
	GlobalSection(SolutionConfigurationPlatforms) = preSolution
		Debug|Any CPU = Debug|Any CPU
		Release|Any CPU = Release|Any CPU
	EndGlobalSection
	GlobalSection(ProjectConfigurationPlatforms) = postSolution
		{59304ECD-6BD6-4A85-9FA4-9A4E1CF9CCA4}.Debug|Any CPU.ActiveCfg = Debug|Any CPU
		{59304ECD-6BD6-4A85-9FA4-9A4E1CF9CCA4}.Debug|Any CPU.Build.0 = Debug|Any CPU
		{59304ECD-6BD6-4A85-9FA4-9A4E1CF9CCA4}.Release|Any CPU.ActiveCfg = Release|Any CPU
		{59304ECD-6BD6-4A85-9FA4-9A4E1CF9CCA4}.Release|Any CPU.Build.0 = Release|Any CPU
	EndGlobalSection
	GlobalSection(SolutionProperties) = preSolution
		HideSolutionNode = FALSE
	EndGlobalSection
	GlobalSection(ExtensibilityGlobals) = postSolution
		SolutionGuid = {015178F9-8F12-49B4-ABFA-040E0BEA27BF}
	EndGlobalSection
EndGlobal
